
Microsoft Visual Studio Solution File, Format Version 12.00
# Visual Studio Version 16
VisualStudioVersion = 16.0.30225.117
MinimumVisualStudioVersion = 10.0.40219.1
Project("{FAE04EC0-301F-11D3-BF4B-00C04F79EFBC}") = "Currency_toWord_Conv", "Currency_toWord_Conv\Currency_toWord_Conv.csproj", "{B20FD64D-F599-467C-AE2B-066604856270}"
EndProject
Global
	GlobalSection(SolutionConfigurationPlatforms) = preSolution
		Debug|Any CPU = Debug|Any CPU
		Release|Any CPU = Release|Any CPU
	EndGlobalSection
	GlobalSection(ProjectConfigurationPlatforms) = postSolution
		{B20FD64D-F599-467C-AE2B-066604856270}.Debug|Any CPU.ActiveCfg = Debug|Any CPU
		{B20FD64D-F599-467C-AE2B-066604856270}.Debug|Any CPU.Build.0 = Debug|Any CPU
		{B20FD64D-F599-467C-AE2B-066604856270}.Release|Any CPU.ActiveCfg = Release|Any CPU
		{B20FD64D-F599-467C-AE2B-066604856270}.Release|Any CPU.Build.0 = Release|Any CPU
	EndGlobalSection
	GlobalSection(SolutionProperties) = preSolution
		HideSolutionNode = FALSE
	EndGlobalSection
	GlobalSection(ExtensibilityGlobals) = postSolution
		SolutionGuid = {93640282-C241-41BF-BDF3-9C5C3C8DB700}
	EndGlobalSection
EndGlobal
